{
  "lockfileVersion": 1,
  "configVersion": 0,
  "workspaces": {
    "": {
      "name": "media-instrumentality-project",
      "dependencies": {
        "@bjorn3/browser_wasi_shim": "^0.4.2",
        "@chialab/esbuild-plugin-html": "^0.19.0",
        "@uswriting/exiftool": "^1.0.5",
        "ass-compiler": "^0.1.15",
        "assjs": "^0.1.4",
        "esbuild": "^0.27.3",
        "exifr": "^7.1.3",
      },
      "devDependencies": {
        "@chialab/esbuild-plugin-worker": "^0.19.0",
        "@types/audioworklet": "^0.0.75",
        "@types/bun": "^1.2.21",
      },
      "peerDependencies": {
        "typescript": "^5.9.2",
      },
    },
  },
  "packages": {
    "@bjorn3/browser_wasi_shim": ["@bjorn3/browser_wasi_shim@0.4.2", "", {}, "sha512-/iHkCVUG3VbcbmEHn5iIUpIrh7a7WPiwZ3sHy4HZKZzBdSadwdddYDZAII2zBvQYV0Lfi8naZngPCN7WPHI/hA=="],

    "@chialab/esbuild-plugin-html": ["@chialab/esbuild-plugin-html@0.19.0", "", { "dependencies": { "@chialab/esbuild-rna": "^0.19.0" }, "peerDependencies": { "htmlnano": "^2.0.0" }, "optionalPeers": ["htmlnano"] }, "sha512-hTxDocBMg3kGxVum9DnL0qjVOHBz11qcbYWF549fw1iQNvY4klY6ARt2crxd7IV5eIlcGUn27bV7t36YTBmM3w=="],

    "@chialab/esbuild-plugin-meta-url": ["@chialab/esbuild-plugin-meta-url@0.19.0", "", { "dependencies": { "@chialab/esbuild-rna": "^0.19.0", "@chialab/estransform": "^0.19.0", "mime-types": "^2.1.35" } }, "sha512-VzXuFNaUW9v4bQeFVFVM/KL4/hB/xwMNGGxy1E8CHZAuA+6xHGSqJK7gf17vyWC+GulwIEfzTqfIHU8H8Ic/Zg=="],

    "@chialab/esbuild-plugin-worker": ["@chialab/esbuild-plugin-worker@0.19.0", "", { "dependencies": { "@chialab/esbuild-plugin-meta-url": "^0.19.0", "@chialab/esbuild-rna": "^0.19.0", "@chialab/estransform": "^0.19.0" } }, "sha512-atbjSLe9GcG1vMABKai0uwmfsZmSpdjSvLh9pn5CxnI4p57VqSxp5aW24hGV2wwTna78DhtP/spUFUlaWaqVgg=="],

    "@chialab/esbuild-rna": ["@chialab/esbuild-rna@0.19.0", "", { "dependencies": { "@chialab/estransform": "^0.19.0", "@chialab/node-resolve": "^0.19.0" } }, "sha512-701y6cN/F9JEjMsJW7PcLxUq1kcReNJ69DTcw7TXLA5f5flBH7zZf+U0F/bwn3vQ2StszT8scTmlflPP4J8m3Q=="],

    "@chialab/estransform": ["@chialab/estransform@0.19.0", "", { "dependencies": { "@napi-rs/magic-string": "^0.3.4", "@parcel/source-map": "^2.0.0", "cjs-module-lexer": "^1.2.2", "es-module-lexer": "^1.0.0", "oxc-parser": "^0.8.0" } }, "sha512-w6i/RZ3SddSCDIYZLkwnK+KAseCKW3BT627San3EbzH3NRY0Gn5RqXCjX9J/mNGe2FydwAevG7O605z50woWuA=="],

    "@chialab/node-resolve": ["@chialab/node-resolve@0.19.0", "", {}, "sha512-VaYOPbgIEVPu7ic+LAA8z2syEpEQhO1nLce0BSPs2eMubQ+mxSrH3RyXKH+CREhOnBWH3Rd3uuFZn2Rofypsbg=="],

    "@esbuild/aix-ppc64": ["@esbuild/aix-ppc64@0.27.3", "", { "os": "aix", "cpu": "ppc64" }, "sha512-9fJMTNFTWZMh5qwrBItuziu834eOCUcEqymSH7pY+zoMVEZg3gcPuBNxH1EvfVYe9h0x/Ptw8KBzv7qxb7l8dg=="],

    "@esbuild/android-arm": ["@esbuild/android-arm@0.27.3", "", { "os": "android", "cpu": "arm" }, "sha512-i5D1hPY7GIQmXlXhs2w8AWHhenb00+GxjxRncS2ZM7YNVGNfaMxgzSGuO8o8SJzRc/oZwU2bcScvVERk03QhzA=="],

    "@esbuild/android-arm64": ["@esbuild/android-arm64@0.27.3", "", { "os": "android", "cpu": "arm64" }, "sha512-YdghPYUmj/FX2SYKJ0OZxf+iaKgMsKHVPF1MAq/P8WirnSpCStzKJFjOjzsW0QQ7oIAiccHdcqjbHmJxRb/dmg=="],

    "@esbuild/android-x64": ["@esbuild/android-x64@0.27.3", "", { "os": "android", "cpu": "x64" }, "sha512-IN/0BNTkHtk8lkOM8JWAYFg4ORxBkZQf9zXiEOfERX/CzxW3Vg1ewAhU7QSWQpVIzTW+b8Xy+lGzdYXV6UZObQ=="],

    "@esbuild/darwin-arm64": ["@esbuild/darwin-arm64@0.27.3", "", { "os": "darwin", "cpu": "arm64" }, "sha512-Re491k7ByTVRy0t3EKWajdLIr0gz2kKKfzafkth4Q8A5n1xTHrkqZgLLjFEHVD+AXdUGgQMq+Godfq45mGpCKg=="],

    "@esbuild/darwin-x64": ["@esbuild/darwin-x64@0.27.3", "", { "os": "darwin", "cpu": "x64" }, "sha512-vHk/hA7/1AckjGzRqi6wbo+jaShzRowYip6rt6q7VYEDX4LEy1pZfDpdxCBnGtl+A5zq8iXDcyuxwtv3hNtHFg=="],

    "@esbuild/freebsd-arm64": ["@esbuild/freebsd-arm64@0.27.3", "", { "os": "freebsd", "cpu": "arm64" }, "sha512-ipTYM2fjt3kQAYOvo6vcxJx3nBYAzPjgTCk7QEgZG8AUO3ydUhvelmhrbOheMnGOlaSFUoHXB6un+A7q4ygY9w=="],

    "@esbuild/freebsd-x64": ["@esbuild/freebsd-x64@0.27.3", "", { "os": "freebsd", "cpu": "x64" }, "sha512-dDk0X87T7mI6U3K9VjWtHOXqwAMJBNN2r7bejDsc+j03SEjtD9HrOl8gVFByeM0aJksoUuUVU9TBaZa2rgj0oA=="],

    "@esbuild/linux-arm": ["@esbuild/linux-arm@0.27.3", "", { "os": "linux", "cpu": "arm" }, "sha512-s6nPv2QkSupJwLYyfS+gwdirm0ukyTFNl3KTgZEAiJDd+iHZcbTPPcWCcRYH+WlNbwChgH2QkE9NSlNrMT8Gfw=="],

    "@esbuild/linux-arm64": ["@esbuild/linux-arm64@0.27.3", "", { "os": "linux", "cpu": "arm64" }, "sha512-sZOuFz/xWnZ4KH3YfFrKCf1WyPZHakVzTiqji3WDc0BCl2kBwiJLCXpzLzUBLgmp4veFZdvN5ChW4Eq/8Fc2Fg=="],

    "@esbuild/linux-ia32": ["@esbuild/linux-ia32@0.27.3", "", { "os": "linux", "cpu": "ia32" }, "sha512-yGlQYjdxtLdh0a3jHjuwOrxQjOZYD/C9PfdbgJJF3TIZWnm/tMd/RcNiLngiu4iwcBAOezdnSLAwQDPqTmtTYg=="],

    "@esbuild/linux-loong64": ["@esbuild/linux-loong64@0.27.3", "", { "os": "linux", "cpu": "none" }, "sha512-WO60Sn8ly3gtzhyjATDgieJNet/KqsDlX5nRC5Y3oTFcS1l0KWba+SEa9Ja1GfDqSF1z6hif/SkpQJbL63cgOA=="],

    "@esbuild/linux-mips64el": ["@esbuild/linux-mips64el@0.27.3", "", { "os": "linux", "cpu": "none" }, "sha512-APsymYA6sGcZ4pD6k+UxbDjOFSvPWyZhjaiPyl/f79xKxwTnrn5QUnXR5prvetuaSMsb4jgeHewIDCIWljrSxw=="],

    "@esbuild/linux-ppc64": ["@esbuild/linux-ppc64@0.27.3", "", { "os": "linux", "cpu": "ppc64" }, "sha512-eizBnTeBefojtDb9nSh4vvVQ3V9Qf9Df01PfawPcRzJH4gFSgrObw+LveUyDoKU3kxi5+9RJTCWlj4FjYXVPEA=="],

    "@esbuild/linux-riscv64": ["@esbuild/linux-riscv64@0.27.3", "", { "os": "linux", "cpu": "none" }, "sha512-3Emwh0r5wmfm3ssTWRQSyVhbOHvqegUDRd0WhmXKX2mkHJe1SFCMJhagUleMq+Uci34wLSipf8Lagt4LlpRFWQ=="],

    "@esbuild/linux-s390x": ["@esbuild/linux-s390x@0.27.3", "", { "os": "linux", "cpu": "s390x" }, "sha512-pBHUx9LzXWBc7MFIEEL0yD/ZVtNgLytvx60gES28GcWMqil8ElCYR4kvbV2BDqsHOvVDRrOxGySBM9Fcv744hw=="],

    "@esbuild/linux-x64": ["@esbuild/linux-x64@0.27.3", "", { "os": "linux", "cpu": "x64" }, "sha512-Czi8yzXUWIQYAtL/2y6vogER8pvcsOsk5cpwL4Gk5nJqH5UZiVByIY8Eorm5R13gq+DQKYg0+JyQoytLQas4dA=="],

    "@esbuild/netbsd-arm64": ["@esbuild/netbsd-arm64@0.27.3", "", { "os": "none", "cpu": "arm64" }, "sha512-sDpk0RgmTCR/5HguIZa9n9u+HVKf40fbEUt+iTzSnCaGvY9kFP0YKBWZtJaraonFnqef5SlJ8/TiPAxzyS+UoA=="],

    "@esbuild/netbsd-x64": ["@esbuild/netbsd-x64@0.27.3", "", { "os": "none", "cpu": "x64" }, "sha512-P14lFKJl/DdaE00LItAukUdZO5iqNH7+PjoBm+fLQjtxfcfFE20Xf5CrLsmZdq5LFFZzb5JMZ9grUwvtVYzjiA=="],

    "@esbuild/openbsd-arm64": ["@esbuild/openbsd-arm64@0.27.3", "", { "os": "openbsd", "cpu": "arm64" }, "sha512-AIcMP77AvirGbRl/UZFTq5hjXK+2wC7qFRGoHSDrZ5v5b8DK/GYpXW3CPRL53NkvDqb9D+alBiC/dV0Fb7eJcw=="],

    "@esbuild/openbsd-x64": ["@esbuild/openbsd-x64@0.27.3", "", { "os": "openbsd", "cpu": "x64" }, "sha512-DnW2sRrBzA+YnE70LKqnM3P+z8vehfJWHXECbwBmH/CU51z6FiqTQTHFenPlHmo3a8UgpLyH3PT+87OViOh1AQ=="],

    "@esbuild/openharmony-arm64": ["@esbuild/openharmony-arm64@0.27.3", "", { "os": "none", "cpu": "arm64" }, "sha512-NinAEgr/etERPTsZJ7aEZQvvg/A6IsZG/LgZy+81wON2huV7SrK3e63dU0XhyZP4RKGyTm7aOgmQk0bGp0fy2g=="],

    "@esbuild/sunos-x64": ["@esbuild/sunos-x64@0.27.3", "", { "os": "sunos", "cpu": "x64" }, "sha512-PanZ+nEz+eWoBJ8/f8HKxTTD172SKwdXebZ0ndd953gt1HRBbhMsaNqjTyYLGLPdoWHy4zLU7bDVJztF5f3BHA=="],

    "@esbuild/win32-arm64": ["@esbuild/win32-arm64@0.27.3", "", { "os": "win32", "cpu": "arm64" }, "sha512-B2t59lWWYrbRDw/tjiWOuzSsFh1Y/E95ofKz7rIVYSQkUYBjfSgf6oeYPNWHToFRr2zx52JKApIcAS/D5TUBnA=="],

    "@esbuild/win32-ia32": ["@esbuild/win32-ia32@0.27.3", "", { "os": "win32", "cpu": "ia32" }, "sha512-QLKSFeXNS8+tHW7tZpMtjlNb7HKau0QDpwm49u0vUp9y1WOF+PEzkU84y9GqYaAVW8aH8f3GcBck26jh54cX4Q=="],

    "@esbuild/win32-x64": ["@esbuild/win32-x64@0.27.3", "", { "os": "win32", "cpu": "x64" }, "sha512-4uJGhsxuptu3OcpVAzli+/gWusVGwZZHTlS63hh++ehExkVT8SgiEf7/uC/PclrPPkLhZqGgCTjd0VWLo6xMqA=="],

    "@napi-rs/magic-string": ["@napi-rs/magic-string@0.3.4", "", { "optionalDependencies": { "@napi-rs/magic-string-android-arm-eabi": "0.3.4", "@napi-rs/magic-string-android-arm64": "0.3.4", "@napi-rs/magic-string-darwin-arm64": "0.3.4", "@napi-rs/magic-string-darwin-x64": "0.3.4", "@napi-rs/magic-string-freebsd-x64": "0.3.4", "@napi-rs/magic-string-linux-arm-gnueabihf": "0.3.4", "@napi-rs/magic-string-linux-arm64-gnu": "0.3.4", "@napi-rs/magic-string-linux-arm64-musl": "0.3.4", "@napi-rs/magic-string-linux-x64-gnu": "0.3.4", "@napi-rs/magic-string-linux-x64-musl": "0.3.4", "@napi-rs/magic-string-win32-arm64-msvc": "0.3.4", "@napi-rs/magic-string-win32-ia32-msvc": "0.3.4", "@napi-rs/magic-string-win32-x64-msvc": "0.3.4" } }, "sha512-DEWl/B99RQsyMT3F9bvrXuhL01/eIQp/dtNSE3G1jQ4mTGRcP4iHWxoPZ577WrbjUinrNgvRA5+08g8fkPgimQ=="],

    "@napi-rs/magic-string-android-arm-eabi": ["@napi-rs/magic-string-android-arm-eabi@0.3.4", "", { "os": "android", "cpu": "arm" }, "sha512-sszAYxqtzzJ4FDerDNHcqL9NhqPhj8W4DNiOanXYy50mA5oojlRtaAFPiB5ZMrWDBM32v5Q30LrmxQ4eTtu2Dg=="],

    "@napi-rs/magic-string-android-arm64": ["@napi-rs/magic-string-android-arm64@0.3.4", "", { "os": "android", "cpu": "arm64" }, "sha512-jdQ6HuO0X5rkX4MauTcWR4HWdgjakTOmmzqXg8L26+jOHVVG1LZE+Su5qvV4bP8vMb2h+vPE+JsnwqSmWymu3Q=="],

    "@napi-rs/magic-string-darwin-arm64": ["@napi-rs/magic-string-darwin-arm64@0.3.4", "", { "os": "darwin", "cpu": "arm64" }, "sha512-6NmMtvURce9/oq09XBZmuIeI6lPLGtEJ2ZPO/QzL3nLZa6wygiCnO/sFACKYNg5/73ET5HMMTeuogE1JI+r2Lw=="],

    "@napi-rs/magic-string-darwin-x64": ["@napi-rs/magic-string-darwin-x64@0.3.4", "", { "os": "darwin", "cpu": "x64" }, "sha512-f9LmfMiUAKDOtl0meOuLYeVb6OERrgGzrTg1Tn3R3fTAShM2kxRbfAuPE9ljuXxIFzOv/uqRNLSl/LqCJwpREA=="],

    "@napi-rs/magic-string-freebsd-x64": ["@napi-rs/magic-string-freebsd-x64@0.3.4", "", { "os": "freebsd", "cpu": "x64" }, "sha512-rqduQ4odiDK4QdM45xHWRTU4wtFIfpp8g8QGpz+3qqg7ivldDqbbNOrBaf6Oeu77uuEvWggnkyuChotfKgJdJQ=="],

    "@napi-rs/magic-string-linux-arm-gnueabihf": ["@napi-rs/magic-string-linux-arm-gnueabihf@0.3.4", "", { "os": "linux", "cpu": "arm" }, "sha512-pVaJEdEpiPqIfq3M4+yMAATS7Z9muDcWYn8H7GFH1ygh8GwgLgKfy/n/lG2M6zp18Mwd0x7E2E/qg9GgCyUzoQ=="],

    "@napi-rs/magic-string-linux-arm64-gnu": ["@napi-rs/magic-string-linux-arm64-gnu@0.3.4", "", { "os": "linux", "cpu": "arm64" }, "sha512-9FwoAih/0tzEZx0BjYYIxWkSRMjonIn91RFM3q3MBs/evmThXUYXUqLNa1PPIkK1JoksswtDi48qWWLt8nGflQ=="],

    "@napi-rs/magic-string-linux-arm64-musl": ["@napi-rs/magic-string-linux-arm64-musl@0.3.4", "", { "os": "linux", "cpu": "arm64" }, "sha512-wCR7R+WPOcAKmVQc1s6h6HwfwW1vL9pM8BjUY9Ljkdb8wt1LmZEmV2Sgfc1SfbRQzbyl+pKeufP6adRRQVzYDA=="],

    "@napi-rs/magic-string-linux-x64-gnu": ["@napi-rs/magic-string-linux-x64-gnu@0.3.4", "", { "os": "linux", "cpu": "x64" }, "sha512-sbxFDpYnt5WFbxQ1xozwOvh5A7IftqSI0WnE9O7KsQIOi0ej2dvFbfOW4tmFkvH/YP8KJELo5AhP2+kEq1DpYA=="],

    "@napi-rs/magic-string-linux-x64-musl": ["@napi-rs/magic-string-linux-x64-musl@0.3.4", "", { "os": "linux", "cpu": "x64" }, "sha512-jN4h/7e2Ul8v3UK5IZu38NXLMdzVWhY4uEDlnwuUAhwRh26wBQ1/pLD97Uy/Z3dFNBQPcsv60XS9fOM1YDNT6w=="],

    "@napi-rs/magic-string-win32-arm64-msvc": ["@napi-rs/magic-string-win32-arm64-msvc@0.3.4", "", { "os": "win32", "cpu": "arm64" }, "sha512-gMUyTRHLWpzX2ntJFCbW2Gnla9Y/WUmbkZuW5SBAo/Jo8QojHn76Y4PNgnoXdzcsV9b/45RBxurYKAfFg9WTyg=="],

    "@napi-rs/magic-string-win32-ia32-msvc": ["@napi-rs/magic-string-win32-ia32-msvc@0.3.4", "", { "os": "win32", "cpu": "ia32" }, "sha512-QIMauMOvEHgL00K9np/c9CT/CRtLOz3mRTQqcZ9XGzSoAMrpxH71KSpDJrKl7h7Ro6TZ+hJ0C3T+JVuTCZNv4A=="],

    "@napi-rs/magic-string-win32-x64-msvc": ["@napi-rs/magic-string-win32-x64-msvc@0.3.4", "", { "os": "win32", "cpu": "x64" }, "sha512-V8FMSf828MzOI3P6/765MR7zHU6CUZqiyPhmAnwYoKFNxfv7oCviN/G6NcENeCdcYOvNgh5fYzaNLB96ndId5A=="],

    "@oxc-parser/binding-darwin-arm64": ["@oxc-parser/binding-darwin-arm64@0.8.0", "", { "os": "darwin", "cpu": "arm64" }, "sha512-3Dws5Wzj9efojjqvhS4ZF+Abh0EoiI5ciOE2kdLifMzSg4fnmYAIOktoUnPEo87TNIb4SiFJ5JgPBgEyq42Eow=="],

    "@oxc-parser/binding-darwin-x64": ["@oxc-parser/binding-darwin-x64@0.8.0", "", { "os": "darwin", "cpu": "x64" }, "sha512-DAUJ/mfq0Jn2VDYn69bhHTsIWj+aZ/viamexFwaLL7ntkIFmGpzAJZUlWofpY1IRJynKWW+P5AOLYXMllw4qUw=="],

    "@oxc-parser/binding-linux-arm64-gnu": ["@oxc-parser/binding-linux-arm64-gnu@0.8.0", "", { "os": "linux", "cpu": "arm64" }, "sha512-ZHQVey/O4K3zTIKtpfsbtJIE8MPTRHRxgY3dejaoeFQGf9C3HasgF132Yp4zN/jOUx+x8czKPVa/Af40ViyhGQ=="],

    "@oxc-parser/binding-linux-arm64-musl": ["@oxc-parser/binding-linux-arm64-musl@0.8.0", "", { "os": "linux", "cpu": "arm64" }, "sha512-Diw+Tnf5v+zAYXzDoSKCZsMaroU6GoqZMS7smfDtFnZYTHWZrsTmPBLUQe7AFiG7O7tkhsCdcWjOYgbVkrSVOA=="],

    "@oxc-parser/binding-linux-x64-gnu": ["@oxc-parser/binding-linux-x64-gnu@0.8.0", "", { "os": "linux", "cpu": "x64" }, "sha512-WloqcRrtQUVEP/Sy8ZeEgF0HgBKQjOv3zLFZqbC5ipkerKriGcVbsq3fOIMOi/55AM6/UhIAjeZGnoeco72JjQ=="],

    "@oxc-parser/binding-linux-x64-musl": ["@oxc-parser/binding-linux-x64-musl@0.8.0", "", { "os": "linux", "cpu": "x64" }, "sha512-2j7BD9szwSXTvSj0Q8VE98UHGYvrgZzdLy4EyB0FilhQnopEfz+YV674rWGY2Il1VYxHJwGctrTJHvARolu37g=="],

    "@oxc-parser/binding-win32-arm64-msvc": ["@oxc-parser/binding-win32-arm64-msvc@0.8.0", "", { "os": "win32", "cpu": "arm64" }, "sha512-mcomr1og17yCmnwn8Q7CRzrH9Va0HccWe4Ld3/u/elBsw0SEzYGVvECRzCyRglYAbKTtusz7as9Jee0RiMOMmg=="],

    "@oxc-parser/binding-win32-x64-msvc": ["@oxc-parser/binding-win32-x64-msvc@0.8.0", "", { "os": "win32", "cpu": "x64" }, "sha512-nIBkc1KZOVYUaHT3+U+gM354P3byMAIXMvlmLMbs0kWVRcI4vrzL8qwWpC6QdBQxWKZGqPEqGolv8H4dDYA9nQ=="],

    "@parcel/source-map": ["@parcel/source-map@2.1.1", "", { "dependencies": { "detect-libc": "^1.0.3" } }, "sha512-Ejx1P/mj+kMjQb8/y5XxDUn4reGdr+WyKYloBljpppUy8gs42T+BNoEOuRYqDVdgPc6NxduzIDoJS9pOFfV5Ew=="],

    "@types/audioworklet": ["@types/audioworklet@0.0.75", "", {}, "sha512-Xb35K9bXy+fUl/moqCgoTuvuLWxd2Tro1ua+2j3JzOBzYb5n5bvBry7OKNrw1imObjKufxV5+ZfZ02xFkqJiXw=="],

    "@types/bun": ["@types/bun@1.2.21", "", { "dependencies": { "bun-types": "1.2.21" } }, "sha512-NiDnvEqmbfQ6dmZ3EeUO577s4P5bf4HCTXtI6trMc6f6RzirY5IrF3aIookuSpyslFzrnvv2lmEWv5HyC1X79A=="],

    "@types/node": ["@types/node@24.3.3", "", { "dependencies": { "undici-types": "~7.10.0" } }, "sha512-GKBNHjoNw3Kra1Qg5UXttsY5kiWMEfoHq2TmXb+b1rcm6N7B3wTrFYIf/oSZ1xNQ+hVVijgLkiDZh7jRRsh+Gw=="],

    "@types/react": ["@types/react@19.1.13", "", { "dependencies": { "csstype": "^3.0.2" } }, "sha512-hHkbU/eoO3EG5/MZkuFSKmYqPbSVk5byPFa3e7y/8TybHiLMACgI8seVYlicwk7H5K/rI2px9xrQp/C+AUDTiQ=="],

    "@uswriting/exiftool": ["@uswriting/exiftool@1.0.5", "", {}, "sha512-yrEbljp4BDWizJ1BcZPiDnJShDdpi8GmZwFXpxrH7g2mG49KiToxmhYqu1NBf+rYkh92c/a+BVn+zSDHq1vNVw=="],

    "ass-compiler": ["ass-compiler@0.1.15", "", {}, "sha512-NPbNjCawqK/MKt1+0v5xezVxV2qk4AKIdl6tM3BsUohWQFb46WJaC0wJzMXlyGZbBJxx/AqKj3nalMSl+JZ+Jw=="],

    "assjs": ["assjs@0.1.4", "", {}, "sha512-qjHXBH8mcCBYfnB/vL/girh1MunM+IDyVhSJ3TPUdkK1n1OYQvGnB2A8LEFX195bBUAl47kXmgC2HGOAwKz/kA=="],

    "bun-types": ["bun-types@1.2.21", "", { "dependencies": { "@types/node": "*" }, "peerDependencies": { "@types/react": "^19" } }, "sha512-sa2Tj77Ijc/NTLS0/Odjq/qngmEPZfbfnOERi0KRUYhT9R8M4VBioWVmMWE5GrYbKMc+5lVybXygLdibHaqVqw=="],

    "cjs-module-lexer": ["cjs-module-lexer@1.4.3", "", {}, "sha512-9z8TZaGM1pfswYeXrUpzPrkx8UnWYdhJclsiYMm6x/w5+nN+8Tf/LnAgfLGQCm59qAOxU8WwHEq2vNwF6i4j+Q=="],

    "csstype": ["csstype@3.1.3", "", {}, "sha512-M1uQkMl8rQK/szD0LNhtqxIPLpimGm8sOBwU7lLnCpSbTyY3yeU1Vc7l4KT5zT4s/yOxHH5O7tIuuLOCnLADRw=="],

    "detect-libc": ["detect-libc@1.0.3", "", { "bin": { "detect-libc": "./bin/detect-libc.js" } }, "sha512-pGjwhsmsp4kL2RTz08wcOlGN83otlqHeD/Z5T8GXZB+/YcpQ/dgo+lbU8ZsGxV0HIvqqxo9l7mqYwyYMD9bKDg=="],

    "es-module-lexer": ["es-module-lexer@1.7.0", "", {}, "sha512-jEQoCwk8hyb2AZziIOLhDqpm5+2ww5uIE6lkO/6jcOCusfk6LhMHpXXfBLXTZ7Ydyt0j4VoUQv6uGNYbdW+kBA=="],

    "esbuild": ["esbuild@0.27.3", "", { "optionalDependencies": { "@esbuild/aix-ppc64": "0.27.3", "@esbuild/android-arm": "0.27.3", "@esbuild/android-arm64": "0.27.3", "@esbuild/android-x64": "0.27.3", "@esbuild/darwin-arm64": "0.27.3", "@esbuild/darwin-x64": "0.27.3", "@esbuild/freebsd-arm64": "0.27.3", "@esbuild/freebsd-x64": "0.27.3", "@esbuild/linux-arm": "0.27.3", "@esbuild/linux-arm64": "0.27.3", "@esbuild/linux-ia32": "0.27.3", "@esbuild/linux-loong64": "0.27.3", "@esbuild/linux-mips64el": "0.27.3", "@esbuild/linux-ppc64": "0.27.3", "@esbuild/linux-riscv64": "0.27.3", "@esbuild/linux-s390x": "0.27.3", "@esbuild/linux-x64": "0.27.3", "@esbuild/netbsd-arm64": "0.27.3", "@esbuild/netbsd-x64": "0.27.3", "@esbuild/openbsd-arm64": "0.27.3", "@esbuild/openbsd-x64": "0.27.3", "@esbuild/openharmony-arm64": "0.27.3", "@esbuild/sunos-x64": "0.27.3", "@esbuild/win32-arm64": "0.27.3", "@esbuild/win32-ia32": "0.27.3", "@esbuild/win32-x64": "0.27.3" }, "bin": { "esbuild": "bin/esbuild" } }, "sha512-8VwMnyGCONIs6cWue2IdpHxHnAjzxnw2Zr7MkVxB2vjmQ2ivqGFb4LEG3SMnv0Gb2F/G/2yA8zUaiL1gywDCCg=="],

    "exifr": ["exifr@7.1.3", "", {}, "sha512-g/aje2noHivrRSLbAUtBPWFbxKdKhgj/xr1vATDdUXPOFYJlQ62Ft0oy+72V6XLIpDJfHs6gXLbBLAolqOXYRw=="],

    "mime-db": ["mime-db@1.52.0", "", {}, "sha512-sPU4uV7dYlvtWJxwwxHD0PuihVNiE7TyAbQ5SWxDCB9mUYvOgroQOwYQQOKPJ8CIbE+1ETVlOoK1UC2nU3gYvg=="],

    "mime-types": ["mime-types@2.1.35", "", { "dependencies": { "mime-db": "1.52.0" } }, "sha512-ZDY+bPm5zTTF+YpCrAU9nK0UgICYPT0QtT1NZWFv4s++TNkcgVaT0g6+4R2uI4MjQjzysHB1zxuWL50hzaeXiw=="],

    "oxc-parser": ["oxc-parser@0.8.0", "", { "optionalDependencies": { "@oxc-parser/binding-darwin-arm64": "0.8.0", "@oxc-parser/binding-darwin-x64": "0.8.0", "@oxc-parser/binding-linux-arm64-gnu": "0.8.0", "@oxc-parser/binding-linux-arm64-musl": "0.8.0", "@oxc-parser/binding-linux-x64-gnu": "0.8.0", "@oxc-parser/binding-linux-x64-musl": "0.8.0", "@oxc-parser/binding-win32-arm64-msvc": "0.8.0", "@oxc-parser/binding-win32-x64-msvc": "0.8.0" } }, "sha512-ObPeMkbDX7igb7NyyAC8CbVC3fY+YmlMsxsRQ2oyFBkpQtI5tjoyqSDKbS9A9EcJvt2q89C4UoC+HjVBdLYYJg=="],

    "typescript": ["typescript@5.9.2", "", { "bin": { "tsc": "bin/tsc", "tsserver": "bin/tsserver" } }, "sha512-CWBzXQrc/qOkhidw1OzBTQuYRbfyxDXJMVJ1XNwUHGROVmuaeiEm3OslpZ1RV96d7SKKjZKrSJu3+t/xlw3R9A=="],

    "undici-types": ["undici-types@7.10.0", "", {}, "sha512-t5Fy/nfn+14LuOc2KNYg75vZqClpAiqscVvMygNnlsHBFpSXdJaYtXMcdNLpl/Qvc3P2cB3s6lOV51nqsFq4ag=="],
  }
}
